
Microsoft Visual Studio Solution File, Format Version 12.00
# Visual Studio Version 17
VisualStudioVersion = 17.5.33424.131
MinimumVisualStudioVersion = 10.0.40219.1
Project("{8BC9CEB8-8B4A-11D0-8D11-00A0C91BC942}") = "练习15", "练习15.vcxproj", "{5576F0CA-3435-42FC-B4F5-7A11A3804043}"
EndProject
Global
	GlobalSection(SolutionConfigurationPlatforms) = preSolution
		Debug|x64 = Debug|x64
		Debug|x86 = Debug|x86
		Release|x64 = Release|x64
		Release|x86 = Release|x86
	EndGlobalSection
	GlobalSection(ProjectConfigurationPlatforms) = postSolution
		{5576F0CA-3435-42FC-B4F5-7A11A3804043}.Debug|x64.ActiveCfg = Debug|x64
		{5576F0CA-3435-42FC-B4F5-7A11A3804043}.Debug|x64.Build.0 = Debug|x64
		{5576F0CA-3435-42FC-B4F5-7A11A3804043}.Debug|x86.ActiveCfg = Debug|Win32
		{5576F0CA-3435-42FC-B4F5-7A11A3804043}.Debug|x86.Build.0 = Debug|Win32
		{5576F0CA-3435-42FC-B4F5-7A11A3804043}.Release|x64.ActiveCfg = Release|x64
		{5576F0CA-3435-42FC-B4F5-7A11A3804043}.Release|x64.Build.0 = Release|x64
		{5576F0CA-3435-42FC-B4F5-7A11A3804043}.Release|x86.ActiveCfg = Release|Win32
		{5576F0CA-3435-42FC-B4F5-7A11A3804043}.Release|x86.Build.0 = Release|Win32
	EndGlobalSection
	GlobalSection(SolutionProperties) = preSolution
		HideSolutionNode = FALSE
	EndGlobalSection
	GlobalSection(ExtensibilityGlobals) = postSolution
		SolutionGuid = {7F200C9D-0619-4290-AB33-074CDAB4B3DB}
	EndGlobalSection
EndGlobal
