
Microsoft Visual Studio Solution File, Format Version 12.00
# Visual Studio Version 17
VisualStudioVersion = 17.5.33424.131
MinimumVisualStudioVersion = 10.0.40219.1
Project("{8BC9CEB8-8B4A-11D0-8D11-00A0C91BC942}") = "学生选课管理系统", "学生选课管理系统.vcxproj", "{5A0928C7-993A-4821-95B0-4A39C08E1113}"
EndProject
Global
	GlobalSection(SolutionConfigurationPlatforms) = preSolution
		Debug|x64 = Debug|x64
		Debug|x86 = Debug|x86
		Release|x64 = Release|x64
		Release|x86 = Release|x86
	EndGlobalSection
	GlobalSection(ProjectConfigurationPlatforms) = postSolution
		{5A0928C7-993A-4821-95B0-4A39C08E1113}.Debug|x64.ActiveCfg = Debug|x64
		{5A0928C7-993A-4821-95B0-4A39C08E1113}.Debug|x64.Build.0 = Debug|x64
		{5A0928C7-993A-4821-95B0-4A39C08E1113}.Debug|x86.ActiveCfg = Debug|Win32
		{5A0928C7-993A-4821-95B0-4A39C08E1113}.Debug|x86.Build.0 = Debug|Win32
		{5A0928C7-993A-4821-95B0-4A39C08E1113}.Release|x64.ActiveCfg = Release|x64
		{5A0928C7-993A-4821-95B0-4A39C08E1113}.Release|x64.Build.0 = Release|x64
		{5A0928C7-993A-4821-95B0-4A39C08E1113}.Release|x86.ActiveCfg = Release|Win32
		{5A0928C7-993A-4821-95B0-4A39C08E1113}.Release|x86.Build.0 = Release|Win32
	EndGlobalSection
	GlobalSection(SolutionProperties) = preSolution
		HideSolutionNode = FALSE
	EndGlobalSection
	GlobalSection(ExtensibilityGlobals) = postSolution
		SolutionGuid = {543A9468-A2A3-4751-B636-8E03AC3BBA3F}
	EndGlobalSection
EndGlobal
